// !$*UTF8*$!
{
	archiveVersion = 1;
	classes = {
	};
	objectVersion = 56;
	objects = {

/* Begin PBXBuildFile section */
		84BB9D4629AFD6D800DB34BB /* MyFirstAppApp.swift in Sources */ = {isa = PBXBuildFile; fileRef = 84BB9D4529AFD6D800DB34BB /* MyFirstAppApp.swift */; };
		84BB9D4829AFD6D800DB34BB /* MoviesView.swift in Sources */ = {isa = PBXBuildFile; fileRef = 84BB9D4729AFD6D800DB34BB /* MoviesView.swift */; };
		84BB9D4A29AFD6D900DB34BB /* Assets.xcassets in Resources */ = {isa = PBXBuildFile; fileRef = 84BB9D4929AFD6D900DB34BB /* Assets.xcassets */; };
		84BB9D4D29AFD6D900DB34BB /* Preview Assets.xcassets in Resources */ = {isa = PBXBuildFile; fileRef = 84BB9D4C29AFD6D900DB34BB /* Preview Assets.xcassets */; };
		84BB9D5429AFD72600DB34BB /* Movie.swift in Sources */ = {isa = PBXBuildFile; fileRef = 84BB9D5329AFD72600DB34BB /* Movie.swift */; };
		84BB9D5929AFE31D00DB34BB /* MoviesService.swift in Sources */ = {isa = PBXBuildFile; fileRef = 84BB9D5829AFE31D00DB34BB /* MoviesService.swift */; };
		84DB893729B0080600C15CCB /* MoviesViewModel.swift in Sources */ = {isa = PBXBuildFile; fileRef = 84DB893629B0080600C15CCB /* MoviesViewModel.swift */; };
/* End PBXBuildFile section */

/* Begin PBXFileReference section */
		84BB9D4229AFD6D800DB34BB /* MyFirstApp.app */ = {isa = PBXFileReference; explicitFileType = wrapper.application; includeInIndex = 0; path = MyFirstApp.app; sourceTree = BUILT_PRODUCTS_DIR; };
		84BB9D4529AFD6D800DB34BB /* MyFirstAppApp.swift */ = {isa = PBXFileReference; lastKnownFileType = sourcecode.swift; path = MyFirstAppApp.swift; sourceTree = "<group>"; };
		84BB9D4729AFD6D800DB34BB /* MoviesView.swift */ = {isa = PBXFileReference; lastKnownFileType = sourcecode.swift; path = MoviesView.swift; sourceTree = "<group>"; };
		84BB9D4929AFD6D900DB34BB /* Assets.xcassets */ = {isa = PBXFileReference; lastKnownFileType = folder.assetcatalog; path = Assets.xcassets; sourceTree = "<group>"; };
		84BB9D4C29AFD6D900DB34BB /* Preview Assets.xcassets */ = {isa = PBXFileReference; lastKnownFileType = folder.assetcatalog; path = "Preview Assets.xcassets"; sourceTree = "<group>"; };
		84BB9D5329AFD72600DB34BB /* Movie.swift */ = {isa = PBXFileReference; lastKnownFileType = sourcecode.swift; path = Movie.swift; sourceTree = "<group>"; };
		84BB9D5829AFE31D00DB34BB /* MoviesService.swift */ = {isa = PBXFileReference; lastKnownFileType = sourcecode.swift; path = MoviesService.swift; sourceTree = "<group>"; };
		84DB893629B0080600C15CCB /* MoviesViewModel.swift */ = {isa = PBXFileReference; lastKnownFileType = sourcecode.swift; path = MoviesViewModel.swift; sourceTree = "<group>"; };
/* End PBXFileReference section */

/* Begin PBXFrameworksBuildPhase section */
		84BB9D3F29AFD6D800DB34BB /* Frameworks */ = {
			isa = PBXFrameworksBuildPhase;
			buildActionMask = 2147483647;
			files = (
			);
			runOnlyForDeploymentPostprocessing = 0;
		};
/* End PBXFrameworksBuildPhase section */

/* Begin PBXGroup section */
		84BB9D3929AFD6D800DB34BB = {
			isa = PBXGroup;
			children = (
				84BB9D4429AFD6D800DB34BB /* MyFirstApp */,
				84BB9D4329AFD6D800DB34BB /* Products */,
			);
			sourceTree = "<group>";
		};
		84BB9D4329AFD6D800DB34BB /* Products */ = {
			isa = PBXGroup;
			children = (
				84BB9D4229AFD6D800DB34BB /* MyFirstApp.app */,
			);
			name = Products;
			sourceTree = "<group>";
		};
		84BB9D4429AFD6D800DB34BB /* MyFirstApp */ = {
			isa = PBXGroup;
			children = (
				84BB9D4529AFD6D800DB34BB /* MyFirstAppApp.swift */,
				84BB9D5729AFE25D00DB34BB /* Service */,
				84BB9D5629AFE25400DB34BB /* Model */,
				84BB9D5529AFE23D00DB34BB /* View */,
				84DB893529B007C200C15CCB /* ViewModel */,
				84BB9D4929AFD6D900DB34BB /* Assets.xcassets */,
				84BB9D4B29AFD6D900DB34BB /* Preview Content */,
			);
			path = MyFirstApp;
			sourceTree = "<group>";
		};
		84BB9D4B29AFD6D900DB34BB /* Preview Content */ = {
			isa = PBXGroup;
			children = (
				84BB9D4C29AFD6D900DB34BB /* Preview Assets.xcassets */,
			);
			path = "Preview Content";
			sourceTree = "<group>";
		};
		84BB9D5529AFE23D00DB34BB /* View */ = {
			isa = PBXGroup;
			children = (
				84BB9D4729AFD6D800DB34BB /* MoviesView.swift */,
			);
			path = View;
			sourceTree = "<group>";
		};
		84BB9D5629AFE25400DB34BB /* Model */ = {
			isa = PBXGroup;
			children = (
				84BB9D5329AFD72600DB34BB /* Movie.swift */,
			);
			path = Model;
			sourceTree = "<group>";
		};
		84BB9D5729AFE25D00DB34BB /* Service */ = {
			isa = PBXGroup;
			children = (
				84BB9D5829AFE31D00DB34BB /* MoviesService.swift */,
			);
			path = Service;
			sourceTree = "<group>";
		};
		84DB893529B007C200C15CCB /* ViewModel */ = {
			isa = PBXGroup;
			children = (
				84DB893629B0080600C15CCB /* MoviesViewModel.swift */,
			);
			path = ViewModel;
			sourceTree = "<group>";
		};
/* End PBXGroup section */

/* Begin PBXNativeTarget section */
		84BB9D4129AFD6D800DB34BB /* MyFirstApp */ = {
			isa = PBXNativeTarget;
			buildConfigurationList = 84BB9D5029AFD6D900DB34BB /* Build configuration list for PBXNativeTarget "MyFirstApp" */;
			buildPhases = (
				84BB9D3E29AFD6D800DB34BB /* Sources */,
				84BB9D3F29AFD6D800DB34BB /* Frameworks */,
				84BB9D4029AFD6D800DB34BB /* Resources */,
			);
			buildRules = (
			);
			dependencies = (
			);
			name = MyFirstApp;
			productName = MyFirstApp;
			productReference = 84BB9D4229AFD6D800DB34BB /* MyFirstApp.app */;
			productType = "com.apple.product-type.application";
		};
/* End PBXNativeTarget section */

/* Begin PBXProject section */
		84BB9D3A29AFD6D800DB34BB /* Project object */ = {
			isa = PBXProject;
			attributes = {
				BuildIndependentTargetsInParallel = 1;
				LastSwiftUpdateCheck = 1420;
				LastUpgradeCheck = 1420;
				TargetAttributes = {
					84BB9D4129AFD6D800DB34BB = {
						CreatedOnToolsVersion = 14.2;
					};
				};
			};
			buildConfigurationList = 84BB9D3D29AFD6D800DB34BB /* Build configuration list for PBXProject "MyFirstApp" */;
			compatibilityVersion = "Xcode 14.0";
			developmentRegion = en;
			hasScannedForEncodings = 0;
			knownRegions = (
				en,
				Base,
			);
			mainGroup = 84BB9D3929AFD6D800DB34BB;
			productRefGroup = 84BB9D4329AFD6D800DB34BB /* Products */;
			projectDirPath = "";
			projectRoot = "";
			targets = (
				84BB9D4129AFD6D800DB34BB /* MyFirstApp */,
			);
		};
/* End PBXProject section */

/* Begin PBXResourcesBuildPhase section */
		84BB9D4029AFD6D800DB34BB /* Resources */ = {
			isa = PBXResourcesBuildPhase;
			buildActionMask = 2147483647;
			files = (
				84BB9D4D29AFD6D900DB34BB /* Preview Assets.xcassets in Resources */,
				84BB9D4A29AFD6D900DB34BB /* Assets.xcassets in Resources */,
			);
			runOnlyForDeploymentPostprocessing = 0;
		};
/* End PBXResourcesBuildPhase section */

/* Begin PBXSourcesBuildPhase section */
		84BB9D3E29AFD6D800DB34BB /* Sources */ = {
			isa = PBXSourcesBuildPhase;
			buildActionMask = 2147483647;
			files = (
				84BB9D4829AFD6D800DB34BB /* MoviesView.swift in Sources */,
				84BB9D4629AFD6D800DB34BB /* MyFirstAppApp.swift in Sources */,
				84BB9D5929AFE31D00DB34BB /* MoviesService.swift in Sources */,
				84BB9D5429AFD72600DB34BB /* Movie.swift in Sources */,
				84DB893729B0080600C15CCB /* MoviesViewModel.swift in Sources */,
			);
			runOnlyForDeploymentPostprocessing = 0;
		};
/* End PBXSourcesBuildPhase section */

/* Begin XCBuildConfiguration section */
		84BB9D4E29AFD6D900DB34BB /* Debug */ = {
			isa = XCBuildConfiguration;
			buildSettings = {
				ALWAYS_SEARCH_USER_PATHS = NO;
				CLANG_ANALYZER_NONNULL = YES;
				CLANG_ANALYZER_NUMBER_OBJECT_CONVERSION = YES_AGGRESSIVE;
				CLANG_CXX_LANGUAGE_STANDARD = "gnu++20";
				CLANG_ENABLE_MODULES = YES;
				CLANG_ENABLE_OBJC_ARC = YES;
				CLANG_ENABLE_OBJC_WEAK = YES;
				CLANG_WARN_BLOCK_CAPTURE_AUTORELEASING = YES;
				CLANG_WARN_BOOL_CONVERSION = YES;
				CLANG_WARN_COMMA = YES;
				CLANG_WARN_CONSTANT_CONVERSION = YES;
				CLANG_WARN_DEPRECATED_OBJC_IMPLEMENTATIONS = YES;
				CLANG_WARN_DIRECT_OBJC_ISA_USAGE = YES_ERROR;
				CLANG_WARN_DOCUMENTATION_COMMENTS = YES;
				CLANG_WARN_EMPTY_BODY = YES;
				CLANG_WARN_ENUM_CONVERSION = YES;
				CLANG_WARN_INFINITE_RECURSION = YES;
				CLANG_WARN_INT_CONVERSION = YES;
				CLANG_WARN_NON_LITERAL_NULL_CONVERSION = YES;
				CLANG_WARN_OBJC_IMPLICIT_RETAIN_SELF = YES;
				CLANG_WARN_OBJC_LITERAL_CONVERSION = YES;
				CLANG_WARN_OBJC_ROOT_CLASS = YES_ERROR;
				CLANG_WARN_QUOTED_INCLUDE_IN_FRAMEWORK_HEADER = YES;
				CLANG_WARN_RANGE_LOOP_ANALYSIS = YES;
				CLANG_WARN_STRICT_PROTOTYPES = YES;
				CLANG_WARN_SUSPICIOUS_MOVE = YES;
				CLANG_WARN_UNGUARDED_AVAILABILITY = YES_AGGRESSIVE;
				CLANG_WARN_UNREACHABLE_CODE = YES;
				CLANG_WARN__DUPLICATE_METHOD_MATCH = YES;
				COPY_PHASE_STRIP = NO;
				DEBUG_INFORMATION_FORMAT = dwarf;
				ENABLE_STRICT_OBJC_MSGSEND = YES;
				ENABLE_TESTABILITY = YES;
				GCC_C_LANGUAGE_STANDARD = gnu11;
				GCC_DYNAMIC_NO_PIC = NO;
				GCC_NO_COMMON_BLOCKS = YES;
				GCC_OPTIMIZATION_LEVEL = 0;
				GCC_PREPROCESSOR_DEFINITIONS = (
					"DEBUG=1",
					"$(inherited)",
				);
				GCC_WARN_64_TO_32_BIT_CONVERSION = YES;
				GCC_WARN_ABOUT_RETURN_TYPE = YES_ERROR;
				GCC_WARN_UNDECLARED_SELECTOR = YES;
				GCC_WARN_UNINITIALIZED_AUTOS = YES_AGGRESSIVE;
				GCC_WARN_UNUSED_FUNCTION = YES;
				GCC_WARN_UNUSED_VARIABLE = YES;
				IPHONEOS_DEPLOYMENT_TARGET = 16.2;
				MTL_ENABLE_DEBUG_INFO = INCLUDE_SOURCE;
				MTL_FAST_MATH = YES;
				ONLY_ACTIVE_ARCH = YES;
				SDKROOT = iphoneos;
				SWIFT_ACTIVE_COMPILATION_CONDITIONS = DEBUG;
				SWIFT_OPTIMIZATION_LEVEL = "-Onone";
			};
			name = Debug;
		};
		84BB9D4F29AFD6D900DB34BB /* Release */ = {
			isa = XCBuildConfiguration;
			buildSettings = {
				ALWAYS_SEARCH_USER_PATHS = NO;
				CLANG_ANALYZER_NONNULL = YES;
				CLANG_ANALYZER_NUMBER_OBJECT_CONVERSION = YES_AGGRESSIVE;
				CLANG_CXX_LANGUAGE_STANDARD = "gnu++20";
				CLANG_ENABLE_MODULES = YES;
				CLANG_ENABLE_OBJC_ARC = YES;
				CLANG_ENABLE_OBJC_WEAK = YES;
				CLANG_WARN_BLOCK_CAPTURE_AUTORELEASING = YES;
				CLANG_WARN_BOOL_CONVERSION = YES;
				CLANG_WARN_COMMA = YES;
				CLANG_WARN_CONSTANT_CONVERSION = YES;
				CLANG_WARN_DEPRECATED_OBJC_IMPLEMENTATIONS = YES;
				CLANG_WARN_DIRECT_OBJC_ISA_USAGE = YES_ERROR;
				CLANG_WARN_DOCUMENTATION_COMMENTS = YES;
				CLANG_WARN_EMPTY_BODY = YES;
				CLANG_WARN_ENUM_CONVERSION = YES;
				CLANG_WARN_INFINITE_RECURSION = YES;
				CLANG_WARN_INT_CONVERSION = YES;
				CLANG_WARN_NON_LITERAL_NULL_CONVERSION = YES;
				CLANG_WARN_OBJC_IMPLICIT_RETAIN_SELF = YES;
				CLANG_WARN_OBJC_LITERAL_CONVERSION = YES;
				CLANG_WARN_OBJC_ROOT_CLASS = YES_ERROR;
				CLANG_WARN_QUOTED_INCLUDE_IN_FRAMEWORK_HEADER = YES;
				CLANG_WARN_RANGE_LOOP_ANALYSIS = YES;
				CLANG_WARN_STRICT_PROTOTYPES = YES;
				CLANG_WARN_SUSPICIOUS_MOVE = YES;
				CLANG_WARN_UNGUARDED_AVAILABILITY = YES_AGGRESSIVE;
				CLANG_WARN_UNREACHABLE_CODE = YES;
				CLANG_WARN__DUPLICATE_METHOD_MATCH = YES;
				COPY_PHASE_STRIP = NO;
				DEBUG_INFORMATION_FORMAT = "dwarf-with-dsym";
				ENABLE_NS_ASSERTIONS = NO;
				ENABLE_STRICT_OBJC_MSGSEND = YES;
				GCC_C_LANGUAGE_STANDARD = gnu11;
				GCC_NO_COMMON_BLOCKS = YES;
				GCC_WARN_64_TO_32_BIT_CONVERSION = YES;
				GCC_WARN_ABOUT_RETURN_TYPE = YES_ERROR;
				GCC_WARN_UNDECLARED_SELECTOR = YES;
				GCC_WARN_UNINITIALIZED_AUTOS = YES_AGGRESSIVE;
				GCC_WARN_UNUSED_FUNCTION = YES;
				GCC_WARN_UNUSED_VARIABLE = YES;
				IPHONEOS_DEPLOYMENT_TARGET = 16.2;
				MTL_ENABLE_DEBUG_INFO = NO;
				MTL_FAST_MATH = YES;
				SDKROOT = iphoneos;
				SWIFT_COMPILATION_MODE = wholemodule;
				SWIFT_OPTIMIZATION_LEVEL = "-O";
				VALIDATE_PRODUCT = YES;
			};
			name = Release;
		};
		84BB9D5129AFD6D900DB34BB /* Debug */ = {
			isa = XCBuildConfiguration;
			buildSettings = {
				ASSETCATALOG_COMPILER_APPICON_NAME = AppIcon;
				ASSETCATALOG_COMPILER_GLOBAL_ACCENT_COLOR_NAME = AccentColor;
				CODE_SIGN_STYLE = Automatic;
				CURRENT_PROJECT_VERSION = 1;
				DEVELOPMENT_ASSET_PATHS = "\"MyFirstApp/Preview Content\"";
				DEVELOPMENT_TEAM = TLE9975UR4;
				ENABLE_PREVIEWS = YES;
				GENERATE_INFOPLIST_FILE = YES;
				INFOPLIST_KEY_UIApplicationSceneManifest_Generation = YES;
				INFOPLIST_KEY_UIApplicationSupportsIndirectInputEvents = YES;
				INFOPLIST_KEY_UILaunchScreen_Generation = YES;
				INFOPLIST_KEY_UISupportedInterfaceOrientations_iPad = "UIInterfaceOrientationPortrait UIInterfaceOrientationPortraitUpsideDown UIInterfaceOrientationLandscapeLeft UIInterfaceOrientationLandscapeRight";
				INFOPLIST_KEY_UISupportedInterfaceOrientations_iPhone = "UIInterfaceOrientationPortrait UIInterfaceOrientationLandscapeLeft UIInterfaceOrientationLandscapeRight";
				LD_RUNPATH_SEARCH_PATHS = (
					"$(inherited)",
					"@executable_path/Frameworks",
				);
				MARKETING_VERSION = 1.0;
				PRODUCT_BUNDLE_IDENTIFIER = com.keller.MyFirstApp;
				PRODUCT_NAME = "$(TARGET_NAME)";
				SWIFT_EMIT_LOC_STRINGS = YES;
				SWIFT_VERSION = 5.0;
				TARGETED_DEVICE_FAMILY = "1,2";
			};
			name = Debug;
		};
		84BB9D5229AFD6D900DB34BB /* Release */ = {
			isa = XCBuildConfiguration;
			buildSettings = {
				ASSETCATALOG_COMPILER_APPICON_NAME = AppIcon;
				ASSETCATALOG_COMPILER_GLOBAL_ACCENT_COLOR_NAME = AccentColor;
				CODE_SIGN_STYLE = Automatic;
				CURRENT_PROJECT_VERSION = 1;
				DEVELOPMENT_ASSET_PATHS = "\"MyFirstApp/Preview Content\"";
				DEVELOPMENT_TEAM = TLE9975UR4;
				ENABLE_PREVIEWS = YES;
				GENERATE_INFOPLIST_FILE = YES;
				INFOPLIST_KEY_UIApplicationSceneManifest_Generation = YES;
				INFOPLIST_KEY_UIApplicationSupportsIndirectInputEvents = YES;
				INFOPLIST_KEY_UILaunchScreen_Generation = YES;
				INFOPLIST_KEY_UISupportedInterfaceOrientations_iPad = "UIInterfaceOrientationPortrait UIInterfaceOrientationPortraitUpsideDown UIInterfaceOrientationLandscapeLeft UIInterfaceOrientationLandscapeRight";
				INFOPLIST_KEY_UISupportedInterfaceOrientations_iPhone = "UIInterfaceOrientationPortrait UIInterfaceOrientationLandscapeLeft UIInterfaceOrientationLandscapeRight";
				LD_RUNPATH_SEARCH_PATHS = (
					"$(inherited)",
					"@executable_path/Frameworks",
				);
				MARKETING_VERSION = 1.0;
				PRODUCT_BUNDLE_IDENTIFIER = com.keller.MyFirstApp;
				PRODUCT_NAME = "$(TARGET_NAME)";
				SWIFT_EMIT_LOC_STRINGS = YES;
				SWIFT_VERSION = 5.0;
				TARGETED_DEVICE_FAMILY = "1,2";
			};
			name = Release;
		};
/* End XCBuildConfiguration section */

/* Begin XCConfigurationList section */
		84BB9D3D29AFD6D800DB34BB /* Build configuration list for PBXProject "MyFirstApp" */ = {
			isa = XCConfigurationList;
			buildConfigurations = (
				84BB9D4E29AFD6D900DB34BB /* Debug */,
				84BB9D4F29AFD6D900DB34BB /* Release */,
			);
			defaultConfigurationIsVisible = 0;
			defaultConfigurationName = Release;
		};
		84BB9D5029AFD6D900DB34BB /* Build configuration list for PBXNativeTarget "MyFirstApp" */ = {
			isa = XCConfigurationList;
			buildConfigurations = (
				84BB9D5129AFD6D900DB34BB /* Debug */,
				84BB9D5229AFD6D900DB34BB /* Release */,
			);
			defaultConfigurationIsVisible = 0;
			defaultConfigurationName = Release;
		};
/* End XCConfigurationList section */
	};
	rootObject = 84BB9D3A29AFD6D800DB34BB /* Project object */;
}
